
Microsoft Visual Studio Solution File, Format Version 12.00
# Visual Studio Version 16
VisualStudioVersion = 16.0.31515.178
MinimumVisualStudioVersion = 10.0.40219.1
Project("{8BC9CEB8-8B4A-11D0-8D11-00A0C91BC942}") = "MyStack", "MyStack\MyStack.vcxproj", "{C90CC02D-0BC3-4FBE-975A-59BCEF295D77}"
EndProject
Global
	GlobalSection(SolutionConfigurationPlatforms) = preSolution
		Debug|x64 = Debug|x64
		Debug|x86 = Debug|x86
		Release|x64 = Release|x64
		Release|x86 = Release|x86
	EndGlobalSection
	GlobalSection(ProjectConfigurationPlatforms) = postSolution
		{C90CC02D-0BC3-4FBE-975A-59BCEF295D77}.Debug|x64.ActiveCfg = Debug|x64
		{C90CC02D-0BC3-4FBE-975A-59BCEF295D77}.Debug|x64.Build.0 = Debug|x64
		{C90CC02D-0BC3-4FBE-975A-59BCEF295D77}.Debug|x86.ActiveCfg = Debug|Win32
		{C90CC02D-0BC3-4FBE-975A-59BCEF295D77}.Debug|x86.Build.0 = Debug|Win32
		{C90CC02D-0BC3-4FBE-975A-59BCEF295D77}.Release|x64.ActiveCfg = Release|x64
		{C90CC02D-0BC3-4FBE-975A-59BCEF295D77}.Release|x64.Build.0 = Release|x64
		{C90CC02D-0BC3-4FBE-975A-59BCEF295D77}.Release|x86.ActiveCfg = Release|Win32
		{C90CC02D-0BC3-4FBE-975A-59BCEF295D77}.Release|x86.Build.0 = Release|Win32
	EndGlobalSection
	GlobalSection(SolutionProperties) = preSolution
		HideSolutionNode = FALSE
	EndGlobalSection
	GlobalSection(ExtensibilityGlobals) = postSolution
		SolutionGuid = {2F829183-E957-470B-9791-C81DE0D36B03}
	EndGlobalSection
EndGlobal
