
Microsoft Visual Studio Solution File, Format Version 12.00
# Visual Studio Version 16
VisualStudioVersion = 16.0.33027.164
MinimumVisualStudioVersion = 10.0.40219.1
Project("{8BC9CEB8-8B4A-11D0-8D11-00A0C91BC942}") = "Huffman Codes", "Huffman Codes\Huffman Codes.vcxproj", "{863A883F-8605-433C-B054-1A966276702C}"
EndProject
Project("{8BC9CEB8-8B4A-11D0-8D11-00A0C91BC942}") = "LetterPairHuffman", "LetterPairHuffman\LetterPairHuffman.vcxproj", "{C2BF8688-FB9F-441E-BC1E-F802BFC2E496}"
EndProject
Global
	GlobalSection(SolutionConfigurationPlatforms) = preSolution
		Debug|x64 = Debug|x64
		Debug|x86 = Debug|x86
		Release|x64 = Release|x64
		Release|x86 = Release|x86
	EndGlobalSection
	GlobalSection(ProjectConfigurationPlatforms) = postSolution
		{863A883F-8605-433C-B054-1A966276702C}.Debug|x64.ActiveCfg = Debug|x64
		{863A883F-8605-433C-B054-1A966276702C}.Debug|x64.Build.0 = Debug|x64
		{863A883F-8605-433C-B054-1A966276702C}.Debug|x86.ActiveCfg = Debug|Win32
		{863A883F-8605-433C-B054-1A966276702C}.Debug|x86.Build.0 = Debug|Win32
		{863A883F-8605-433C-B054-1A966276702C}.Release|x64.ActiveCfg = Release|x64
		{863A883F-8605-433C-B054-1A966276702C}.Release|x64.Build.0 = Release|x64
		{863A883F-8605-433C-B054-1A966276702C}.Release|x86.ActiveCfg = Release|Win32
		{863A883F-8605-433C-B054-1A966276702C}.Release|x86.Build.0 = Release|Win32
		{C2BF8688-FB9F-441E-BC1E-F802BFC2E496}.Debug|x64.ActiveCfg = Debug|x64
		{C2BF8688-FB9F-441E-BC1E-F802BFC2E496}.Debug|x64.Build.0 = Debug|x64
		{C2BF8688-FB9F-441E-BC1E-F802BFC2E496}.Debug|x86.ActiveCfg = Debug|Win32
		{C2BF8688-FB9F-441E-BC1E-F802BFC2E496}.Debug|x86.Build.0 = Debug|Win32
		{C2BF8688-FB9F-441E-BC1E-F802BFC2E496}.Release|x64.ActiveCfg = Release|x64
		{C2BF8688-FB9F-441E-BC1E-F802BFC2E496}.Release|x64.Build.0 = Release|x64
		{C2BF8688-FB9F-441E-BC1E-F802BFC2E496}.Release|x86.ActiveCfg = Release|Win32
		{C2BF8688-FB9F-441E-BC1E-F802BFC2E496}.Release|x86.Build.0 = Release|Win32
	EndGlobalSection
	GlobalSection(SolutionProperties) = preSolution
		HideSolutionNode = FALSE
	EndGlobalSection
	GlobalSection(ExtensibilityGlobals) = postSolution
		SolutionGuid = {B9AC994D-E4B3-49C1-B10C-B49B960D125A}
	EndGlobalSection
EndGlobal
